
Microsoft Visual Studio Solution File, Format Version 12.00
# Visual Studio 14
VisualStudioVersion = 14.0.25420.1
MinimumVisualStudioVersion = 10.0.40219.1
Project("{2150E333-8FDC-42A3-9474-1A3956D46DE8}") = "1 - Presentation", "1 - Presentation", "{EEC0C57B-139A-4805-853C-A6CA74152D8B}"
EndProject
Project("{2150E333-8FDC-42A3-9474-1A3956D46DE8}") = "2 - Services", "2 - Services", "{9B9924C3-9BEA-46B1-BD71-3384BE4DEFA8}"
EndProject
Project("{2150E333-8FDC-42A3-9474-1A3956D46DE8}") = "4 - Domain", "4 - Domain", "{1FE7B3F0-149F-4567-A273-5D701F6E3764}"
EndProject
Project("{2150E333-8FDC-42A3-9474-1A3956D46DE8}") = "3 - Application", "3 - Application", "{C33EA139-B638-4F33-A01F-EC299F07D0E9}"
EndProject
Project("{2150E333-8FDC-42A3-9474-1A3956D46DE8}") = "5 - Infrastructure", "5 - Infrastructure", "{4FFB0C7A-BAD8-426B-94DA-BF3D70A8ED44}"
EndProject
Project("{2150E333-8FDC-42A3-9474-1A3956D46DE8}") = "Data", "Data", "{EE7B478D-E9A1-4C72-AC6A-C104072D9F06}"
EndProject
Project("{2150E333-8FDC-42A3-9474-1A3956D46DE8}") = "CrossCutting", "CrossCutting", "{8744E22F-F1EB-4EE6-A030-6D439BCB5D70}"
EndProject
Project("{FAE04EC0-301F-11D3-BF4B-00C04F79EFBC}") = "GYM.Domain", "src\GYM.Domain\GYM.Domain.csproj", "{94447ED8-9BF5-4065-A5F6-4ADD52831E6B}"
EndProject
Project("{FAE04EC0-301F-11D3-BF4B-00C04F79EFBC}") = "GYM.Application", "src\GYM.Application\GYM.Application.csproj", "{40A051E4-EDBF-4E58-A727-77739A7D60D3}"
EndProject
Project("{FAE04EC0-301F-11D3-BF4B-00C04F79EFBC}") = "GYM.Infrastructure.CrossCutting.IoC", "src\GYM.Infrastructure.CrossCutting.IoC\GYM.Infrastructure.CrossCutting.IoC.csproj", "{20290732-9202-425A-8AD6-37911F90FA40}"
EndProject
Project("{FAE04EC0-301F-11D3-BF4B-00C04F79EFBC}") = "GYM.Infrastructure.CrossCutting.MvcFilters", "src\GYM.Infrastructure.CrossCutting.MvcFilters\GYM.Infrastructure.CrossCutting.MvcFilters.csproj", "{03F7BCBC-69E8-4A37-855C-1EDE0664FA45}"
EndProject
Project("{FAE04EC0-301F-11D3-BF4B-00C04F79EFBC}") = "GYM.Infrastructure.Data", "src\GYM.Infrastructure.Data\GYM.Infrastructure.Data.csproj", "{7DAE1A9F-F9CA-4B88-BCFA-496E36FB2CDD}"
EndProject
Project("{FAE04EC0-301F-11D3-BF4B-00C04F79EFBC}") = "GYM.Presentation.MvcSite", "src\GYM.Presentation.MvcSite\GYM.Presentation.MvcSite.csproj", "{F32E03E2-5707-475B-B5D9-CED092334B79}"
EndProject
Project("{FAE04EC0-301F-11D3-BF4B-00C04F79EFBC}") = "GYM.Domain.Test", "tests\GYM.Domain.Test\GYM.Domain.Test.csproj", "{FFB15562-4F45-45F0-A5DB-5E68EA212BE5}"
EndProject
Project("{FAE04EC0-301F-11D3-BF4B-00C04F79EFBC}") = "GYM.Presentation.MvcSite.Tests", "tests\GYM.Presentation.MvcSite.Tests\GYM.Presentation.MvcSite.Tests.csproj", "{B2D3216E-5DC1-4CA2-BB1C-7E9ED6974C84}"
EndProject
Project("{FAE04EC0-301F-11D3-BF4B-00C04F79EFBC}") = "GYM.Services.WebApi", "src\GYM.Services.WebApi\GYM.Services.WebApi.csproj", "{72F6F7F5-0A5B-40C7-8328-7F2572A761ED}"
EndProject
Project("{FAE04EC0-301F-11D3-BF4B-00C04F79EFBC}") = "GYM.Presentation.AngularSite", "src\GYM.Presentation.AngularSite\GYM.Presentation.AngularSite.csproj", "{7186817C-B695-4F0E-ABE7-6DDE838112A5}"
EndProject
Global
	GlobalSection(SolutionConfigurationPlatforms) = preSolution
		Debug|Any CPU = Debug|Any CPU
		Release|Any CPU = Release|Any CPU
	EndGlobalSection
	GlobalSection(ProjectConfigurationPlatforms) = postSolution
		{94447ED8-9BF5-4065-A5F6-4ADD52831E6B}.Debug|Any CPU.ActiveCfg = Debug|Any CPU
		{94447ED8-9BF5-4065-A5F6-4ADD52831E6B}.Debug|Any CPU.Build.0 = Debug|Any CPU
		{94447ED8-9BF5-4065-A5F6-4ADD52831E6B}.Release|Any CPU.ActiveCfg = Release|Any CPU
		{94447ED8-9BF5-4065-A5F6-4ADD52831E6B}.Release|Any CPU.Build.0 = Release|Any CPU
		{40A051E4-EDBF-4E58-A727-77739A7D60D3}.Debug|Any CPU.ActiveCfg = Debug|Any CPU
		{40A051E4-EDBF-4E58-A727-77739A7D60D3}.Debug|Any CPU.Build.0 = Debug|Any CPU
		{40A051E4-EDBF-4E58-A727-77739A7D60D3}.Release|Any CPU.ActiveCfg = Release|Any CPU
		{40A051E4-EDBF-4E58-A727-77739A7D60D3}.Release|Any CPU.Build.0 = Release|Any CPU
		{20290732-9202-425A-8AD6-37911F90FA40}.Debug|Any CPU.ActiveCfg = Debug|Any CPU
		{20290732-9202-425A-8AD6-37911F90FA40}.Debug|Any CPU.Build.0 = Debug|Any CPU
		{20290732-9202-425A-8AD6-37911F90FA40}.Release|Any CPU.ActiveCfg = Release|Any CPU
		{20290732-9202-425A-8AD6-37911F90FA40}.Release|Any CPU.Build.0 = Release|Any CPU
		{03F7BCBC-69E8-4A37-855C-1EDE0664FA45}.Debug|Any CPU.ActiveCfg = Debug|Any CPU
		{03F7BCBC-69E8-4A37-855C-1EDE0664FA45}.Debug|Any CPU.Build.0 = Debug|Any CPU
		{03F7BCBC-69E8-4A37-855C-1EDE0664FA45}.Release|Any CPU.ActiveCfg = Release|Any CPU
		{03F7BCBC-69E8-4A37-855C-1EDE0664FA45}.Release|Any CPU.Build.0 = Release|Any CPU
		{7DAE1A9F-F9CA-4B88-BCFA-496E36FB2CDD}.Debug|Any CPU.ActiveCfg = Debug|Any CPU
		{7DAE1A9F-F9CA-4B88-BCFA-496E36FB2CDD}.Debug|Any CPU.Build.0 = Debug|Any CPU
		{7DAE1A9F-F9CA-4B88-BCFA-496E36FB2CDD}.Release|Any CPU.ActiveCfg = Release|Any CPU
		{7DAE1A9F-F9CA-4B88-BCFA-496E36FB2CDD}.Release|Any CPU.Build.0 = Release|Any CPU
		{F32E03E2-5707-475B-B5D9-CED092334B79}.Debug|Any CPU.ActiveCfg = Debug|Any CPU
		{F32E03E2-5707-475B-B5D9-CED092334B79}.Debug|Any CPU.Build.0 = Debug|Any CPU
		{F32E03E2-5707-475B-B5D9-CED092334B79}.Release|Any CPU.ActiveCfg = Release|Any CPU
		{F32E03E2-5707-475B-B5D9-CED092334B79}.Release|Any CPU.Build.0 = Release|Any CPU
		{FFB15562-4F45-45F0-A5DB-5E68EA212BE5}.Debug|Any CPU.ActiveCfg = Debug|Any CPU
		{FFB15562-4F45-45F0-A5DB-5E68EA212BE5}.Debug|Any CPU.Build.0 = Debug|Any CPU
		{FFB15562-4F45-45F0-A5DB-5E68EA212BE5}.Release|Any CPU.ActiveCfg = Release|Any CPU
		{FFB15562-4F45-45F0-A5DB-5E68EA212BE5}.Release|Any CPU.Build.0 = Release|Any CPU
		{B2D3216E-5DC1-4CA2-BB1C-7E9ED6974C84}.Debug|Any CPU.ActiveCfg = Debug|Any CPU
		{B2D3216E-5DC1-4CA2-BB1C-7E9ED6974C84}.Debug|Any CPU.Build.0 = Debug|Any CPU
		{B2D3216E-5DC1-4CA2-BB1C-7E9ED6974C84}.Release|Any CPU.ActiveCfg = Release|Any CPU
		{B2D3216E-5DC1-4CA2-BB1C-7E9ED6974C84}.Release|Any CPU.Build.0 = Release|Any CPU
		{72F6F7F5-0A5B-40C7-8328-7F2572A761ED}.Debug|Any CPU.ActiveCfg = Debug|Any CPU
		{72F6F7F5-0A5B-40C7-8328-7F2572A761ED}.Debug|Any CPU.Build.0 = Debug|Any CPU
		{72F6F7F5-0A5B-40C7-8328-7F2572A761ED}.Release|Any CPU.ActiveCfg = Release|Any CPU
		{72F6F7F5-0A5B-40C7-8328-7F2572A761ED}.Release|Any CPU.Build.0 = Release|Any CPU
		{7186817C-B695-4F0E-ABE7-6DDE838112A5}.Debug|Any CPU.ActiveCfg = Debug|Any CPU
		{7186817C-B695-4F0E-ABE7-6DDE838112A5}.Debug|Any CPU.Build.0 = Debug|Any CPU
		{7186817C-B695-4F0E-ABE7-6DDE838112A5}.Release|Any CPU.ActiveCfg = Release|Any CPU
		{7186817C-B695-4F0E-ABE7-6DDE838112A5}.Release|Any CPU.Build.0 = Release|Any CPU
	EndGlobalSection
	GlobalSection(SolutionProperties) = preSolution
		HideSolutionNode = FALSE
	EndGlobalSection
	GlobalSection(NestedProjects) = preSolution
		{EE7B478D-E9A1-4C72-AC6A-C104072D9F06} = {4FFB0C7A-BAD8-426B-94DA-BF3D70A8ED44}
		{8744E22F-F1EB-4EE6-A030-6D439BCB5D70} = {4FFB0C7A-BAD8-426B-94DA-BF3D70A8ED44}
		{94447ED8-9BF5-4065-A5F6-4ADD52831E6B} = {1FE7B3F0-149F-4567-A273-5D701F6E3764}
		{40A051E4-EDBF-4E58-A727-77739A7D60D3} = {C33EA139-B638-4F33-A01F-EC299F07D0E9}
		{20290732-9202-425A-8AD6-37911F90FA40} = {8744E22F-F1EB-4EE6-A030-6D439BCB5D70}
		{03F7BCBC-69E8-4A37-855C-1EDE0664FA45} = {8744E22F-F1EB-4EE6-A030-6D439BCB5D70}
		{7DAE1A9F-F9CA-4B88-BCFA-496E36FB2CDD} = {EE7B478D-E9A1-4C72-AC6A-C104072D9F06}
		{F32E03E2-5707-475B-B5D9-CED092334B79} = {EEC0C57B-139A-4805-853C-A6CA74152D8B}
		{FFB15562-4F45-45F0-A5DB-5E68EA212BE5} = {1FE7B3F0-149F-4567-A273-5D701F6E3764}
		{B2D3216E-5DC1-4CA2-BB1C-7E9ED6974C84} = {EEC0C57B-139A-4805-853C-A6CA74152D8B}
		{72F6F7F5-0A5B-40C7-8328-7F2572A761ED} = {9B9924C3-9BEA-46B1-BD71-3384BE4DEFA8}
		{7186817C-B695-4F0E-ABE7-6DDE838112A5} = {EEC0C57B-139A-4805-853C-A6CA74152D8B}
	EndGlobalSection
EndGlobal
